
Microsoft Visual Studio Solution File, Format Version 12.00
# Visual Studio Version 17
VisualStudioVersion = 17.4.33205.214
MinimumVisualStudioVersion = 10.0.40219.1
Project("{888888A0-9F3D-457C-B088-3A5042F75D52}") = "RockRecognitionGPT", "RockRecognitionGPT\RockRecognitionGPT.pyproj", "{E9B2D69F-E1EB-4131-B8A4-0D27A27DA7F9}"
EndProject
Global
	GlobalSection(SolutionConfigurationPlatforms) = preSolution
		Debug|Any CPU = Debug|Any CPU
		Release|Any CPU = Release|Any CPU
	EndGlobalSection
	GlobalSection(ProjectConfigurationPlatforms) = postSolution
		{E9B2D69F-E1EB-4131-B8A4-0D27A27DA7F9}.Debug|Any CPU.ActiveCfg = Debug|Any CPU
		{E9B2D69F-E1EB-4131-B8A4-0D27A27DA7F9}.Release|Any CPU.ActiveCfg = Release|Any CPU
	EndGlobalSection
	GlobalSection(SolutionProperties) = preSolution
		HideSolutionNode = FALSE
	EndGlobalSection
	GlobalSection(ExtensibilityGlobals) = postSolution
		SolutionGuid = {FE620906-8DE4-40D8-9338-10E6778ECA45}
	EndGlobalSection
EndGlobal
